
Microsoft Visual Studio Solution File, Format Version 12.00
# Visual Studio Version 17
VisualStudioVersion = 17.8.34330.188
MinimumVisualStudioVersion = 10.0.40219.1
Project("{FAE04EC0-301F-11D3-BF4B-00C04F79EFBC}") = "MinimalAPI", "MinimalAPI.csproj", "{B2258D21-F4E5-4B10-8FE4-D81914307232}"
EndProject
Global
	GlobalSection(SolutionConfigurationPlatforms) = preSolution
		Debug|Any CPU = Debug|Any CPU
		Release|Any CPU = Release|Any CPU
	EndGlobalSection
	GlobalSection(ProjectConfigurationPlatforms) = postSolution
		{B2258D21-F4E5-4B10-8FE4-D81914307232}.Debug|Any CPU.ActiveCfg = Debug|Any CPU
		{B2258D21-F4E5-4B10-8FE4-D81914307232}.Debug|Any CPU.Build.0 = Debug|Any CPU
		{B2258D21-F4E5-4B10-8FE4-D81914307232}.Release|Any CPU.ActiveCfg = Release|Any CPU
		{B2258D21-F4E5-4B10-8FE4-D81914307232}.Release|Any CPU.Build.0 = Release|Any CPU
	EndGlobalSection
	GlobalSection(SolutionProperties) = preSolution
		HideSolutionNode = FALSE
	EndGlobalSection
	GlobalSection(ExtensibilityGlobals) = postSolution
		SolutionGuid = {965AA684-FF8B-489F-9949-A23CDC7A24F2}
	EndGlobalSection
EndGlobal
